// !$*UTF8*$!
{
	archiveVersion = 1;
	classes = {
	};
	objectVersion = 50;
	objects = {

/* Begin PBXBuildFile section */
		75454C4126AC56E3007239FC /* AppDelegate.swift in Sources */ = {isa = PBXBuildFile; fileRef = 75454C4026AC56E3007239FC /* AppDelegate.swift */; };
		75454C4326AC56E3007239FC /* SceneDelegate.swift in Sources */ = {isa = PBXBuildFile; fileRef = 75454C4226AC56E3007239FC /* SceneDelegate.swift */; };
		75454C4826AC56E3007239FC /* Main.storyboard in Resources */ = {isa = PBXBuildFile; fileRef = 75454C4626AC56E3007239FC /* Main.storyboard */; };
		75454C4A26AC56E6007239FC /* Assets.xcassets in Resources */ = {isa = PBXBuildFile; fileRef = 75454C4926AC56E6007239FC /* Assets.xcassets */; };
		75454C4D26AC56E6007239FC /* LaunchScreen.storyboard in Resources */ = {isa = PBXBuildFile; fileRef = 75454C4B26AC56E6007239FC /* LaunchScreen.storyboard */; };
		75454C5626AC5734007239FC /* winners.json in Resources */ = {isa = PBXBuildFile; fileRef = 75454C5526AC5734007239FC /* winners.json */; };
		75454C5926AC5A37007239FC /* WinnersTableViewController.swift in Sources */ = {isa = PBXBuildFile; fileRef = 75454C5826AC5A37007239FC /* WinnersTableViewController.swift */; };
		75454C5C26AC5A5E007239FC /* WorldCupViewController.swift in Sources */ = {isa = PBXBuildFile; fileRef = 75454C5B26AC5A5E007239FC /* WorldCupViewController.swift */; };
		75454C5F26AC5A99007239FC /* WorldCup.swift in Sources */ = {isa = PBXBuildFile; fileRef = 75454C5E26AC5A99007239FC /* WorldCup.swift */; };
		75454C6226AC794C007239FC /* WorldCupTableViewCell.swift in Sources */ = {isa = PBXBuildFile; fileRef = 75454C6126AC794C007239FC /* WorldCupTableViewCell.swift */; };
		75454C6426AC84BE007239FC /* GameTableViewCell.swift in Sources */ = {isa = PBXBuildFile; fileRef = 75454C6326AC84BE007239FC /* GameTableViewCell.swift */; };
		75454C6626AC8FFC007239FC /* MapViewController.swift in Sources */ = {isa = PBXBuildFile; fileRef = 75454C6526AC8FFC007239FC /* MapViewController.swift */; };
		75454C6926AC98FD007239FC /* Map.swift in Sources */ = {isa = PBXBuildFile; fileRef = 75454C6826AC98FD007239FC /* Map.swift */; };
		75B0841526BEF87000524F3A /* CountriesTableViewController.swift in Sources */ = {isa = PBXBuildFile; fileRef = 75B0841426BEF87000524F3A /* CountriesTableViewController.swift */; };
		75B0841726BEFE1000524F3A /* CountryDetailViewController.swift in Sources */ = {isa = PBXBuildFile; fileRef = 75B0841626BEFE1000524F3A /* CountryDetailViewController.swift */; };
/* End PBXBuildFile section */

/* Begin PBXFileReference section */
		75454C3D26AC56E3007239FC /* CampeosDasCopas.app */ = {isa = PBXFileReference; explicitFileType = wrapper.application; includeInIndex = 0; path = CampeosDasCopas.app; sourceTree = BUILT_PRODUCTS_DIR; };
		75454C4026AC56E3007239FC /* AppDelegate.swift */ = {isa = PBXFileReference; lastKnownFileType = sourcecode.swift; path = AppDelegate.swift; sourceTree = "<group>"; };
		75454C4226AC56E3007239FC /* SceneDelegate.swift */ = {isa = PBXFileReference; lastKnownFileType = sourcecode.swift; path = SceneDelegate.swift; sourceTree = "<group>"; };
		75454C4726AC56E3007239FC /* Base */ = {isa = PBXFileReference; lastKnownFileType = file.storyboard; name = Base; path = Base.lproj/Main.storyboard; sourceTree = "<group>"; };
		75454C4926AC56E6007239FC /* Assets.xcassets */ = {isa = PBXFileReference; lastKnownFileType = folder.assetcatalog; path = Assets.xcassets; sourceTree = "<group>"; };
		75454C4C26AC56E6007239FC /* Base */ = {isa = PBXFileReference; lastKnownFileType = file.storyboard; name = Base; path = Base.lproj/LaunchScreen.storyboard; sourceTree = "<group>"; };
		75454C4E26AC56E6007239FC /* Info.plist */ = {isa = PBXFileReference; lastKnownFileType = text.plist.xml; path = Info.plist; sourceTree = "<group>"; };
		75454C5526AC5734007239FC /* winners.json */ = {isa = PBXFileReference; fileEncoding = 4; lastKnownFileType = text.json; path = winners.json; sourceTree = "<group>"; };
		75454C5826AC5A37007239FC /* WinnersTableViewController.swift */ = {isa = PBXFileReference; lastKnownFileType = sourcecode.swift; path = WinnersTableViewController.swift; sourceTree = "<group>"; };
		75454C5B26AC5A5E007239FC /* WorldCupViewController.swift */ = {isa = PBXFileReference; lastKnownFileType = sourcecode.swift; path = WorldCupViewController.swift; sourceTree = "<group>"; };
		75454C5E26AC5A99007239FC /* WorldCup.swift */ = {isa = PBXFileReference; lastKnownFileType = sourcecode.swift; path = WorldCup.swift; sourceTree = "<group>"; };
		75454C6126AC794C007239FC /* WorldCupTableViewCell.swift */ = {isa = PBXFileReference; lastKnownFileType = sourcecode.swift; path = WorldCupTableViewCell.swift; sourceTree = "<group>"; };
		75454C6326AC84BE007239FC /* GameTableViewCell.swift */ = {isa = PBXFileReference; lastKnownFileType = sourcecode.swift; path = GameTableViewCell.swift; sourceTree = "<group>"; };
		75454C6526AC8FFC007239FC /* MapViewController.swift */ = {isa = PBXFileReference; lastKnownFileType = sourcecode.swift; path = MapViewController.swift; sourceTree = "<group>"; };
		75454C6826AC98FD007239FC /* Map.swift */ = {isa = PBXFileReference; lastKnownFileType = sourcecode.swift; path = Map.swift; sourceTree = "<group>"; };
		75B0841426BEF87000524F3A /* CountriesTableViewController.swift */ = {isa = PBXFileReference; lastKnownFileType = sourcecode.swift; path = CountriesTableViewController.swift; sourceTree = "<group>"; };
		75B0841626BEFE1000524F3A /* CountryDetailViewController.swift */ = {isa = PBXFileReference; lastKnownFileType = sourcecode.swift; path = CountryDetailViewController.swift; sourceTree = "<group>"; };
/* End PBXFileReference section */

/* Begin PBXFrameworksBuildPhase section */
		75454C3A26AC56E3007239FC /* Frameworks */ = {
			isa = PBXFrameworksBuildPhase;
			buildActionMask = 2147483647;
			files = (
			);
			runOnlyForDeploymentPostprocessing = 0;
		};
/* End PBXFrameworksBuildPhase section */

/* Begin PBXGroup section */
		75454C3426AC56E3007239FC = {
			isa = PBXGroup;
			children = (
				75454C3F26AC56E3007239FC /* CampeosDasCopas */,
				75454C3E26AC56E3007239FC /* Products */,
			);
			sourceTree = "<group>";
		};
		75454C3E26AC56E3007239FC /* Products */ = {
			isa = PBXGroup;
			children = (
				75454C3D26AC56E3007239FC /* CampeosDasCopas.app */,
			);
			name = Products;
			sourceTree = "<group>";
		};
		75454C3F26AC56E3007239FC /* CampeosDasCopas */ = {
			isa = PBXGroup;
			children = (
				75454C6026AC7931007239FC /* Cells */,
				75454C5D26AC5A89007239FC /* Models */,
				75454C5A26AC5A3D007239FC /* Controllers */,
				75454C5426AC571F007239FC /* Files */,
				75454C5726AC59DA007239FC /* Views */,
				75454C4026AC56E3007239FC /* AppDelegate.swift */,
				75454C4226AC56E3007239FC /* SceneDelegate.swift */,
				75454C4926AC56E6007239FC /* Assets.xcassets */,
				75454C4E26AC56E6007239FC /* Info.plist */,
			);
			path = CampeosDasCopas;
			sourceTree = "<group>";
		};
		75454C5426AC571F007239FC /* Files */ = {
			isa = PBXGroup;
			children = (
				75454C5526AC5734007239FC /* winners.json */,
			);
			path = Files;
			sourceTree = "<group>";
		};
		75454C5726AC59DA007239FC /* Views */ = {
			isa = PBXGroup;
			children = (
				75454C4626AC56E3007239FC /* Main.storyboard */,
				75454C4B26AC56E6007239FC /* LaunchScreen.storyboard */,
			);
			path = Views;
			sourceTree = "<group>";
		};
		75454C5A26AC5A3D007239FC /* Controllers */ = {
			isa = PBXGroup;
			children = (
				75454C5826AC5A37007239FC /* WinnersTableViewController.swift */,
				75454C5B26AC5A5E007239FC /* WorldCupViewController.swift */,
				75454C6526AC8FFC007239FC /* MapViewController.swift */,
				75B0841426BEF87000524F3A /* CountriesTableViewController.swift */,
				75B0841626BEFE1000524F3A /* CountryDetailViewController.swift */,
			);
			path = Controllers;
			sourceTree = "<group>";
		};
		75454C5D26AC5A89007239FC /* Models */ = {
			isa = PBXGroup;
			children = (
				75454C5E26AC5A99007239FC /* WorldCup.swift */,
				75454C6826AC98FD007239FC /* Map.swift */,
			);
			path = Models;
			sourceTree = "<group>";
		};
		75454C6026AC7931007239FC /* Cells */ = {
			isa = PBXGroup;
			children = (
				75454C6126AC794C007239FC /* WorldCupTableViewCell.swift */,
				75454C6326AC84BE007239FC /* GameTableViewCell.swift */,
			);
			path = Cells;
			sourceTree = "<group>";
		};
/* End PBXGroup section */

/* Begin PBXNativeTarget section */
		75454C3C26AC56E3007239FC /* CampeosDasCopas */ = {
			isa = PBXNativeTarget;
			buildConfigurationList = 75454C5126AC56E6007239FC /* Build configuration list for PBXNativeTarget "CampeosDasCopas" */;
			buildPhases = (
				75454C3926AC56E3007239FC /* Sources */,
				75454C3A26AC56E3007239FC /* Frameworks */,
				75454C3B26AC56E3007239FC /* Resources */,
			);
			buildRules = (
			);
			dependencies = (
			);
			name = CampeosDasCopas;
			productName = CampeosDasCopas;
			productReference = 75454C3D26AC56E3007239FC /* CampeosDasCopas.app */;
			productType = "com.apple.product-type.application";
		};
/* End PBXNativeTarget section */

/* Begin PBXProject section */
		75454C3526AC56E3007239FC /* Project object */ = {
			isa = PBXProject;
			attributes = {
				LastSwiftUpdateCheck = 1250;
				LastUpgradeCheck = 1250;
				TargetAttributes = {
					75454C3C26AC56E3007239FC = {
						CreatedOnToolsVersion = 12.5.1;
					};
				};
			};
			buildConfigurationList = 75454C3826AC56E3007239FC /* Build configuration list for PBXProject "CampeosDasCopas" */;
			compatibilityVersion = "Xcode 9.3";
			developmentRegion = en;
			hasScannedForEncodings = 0;
			knownRegions = (
				en,
				Base,
			);
			mainGroup = 75454C3426AC56E3007239FC;
			productRefGroup = 75454C3E26AC56E3007239FC /* Products */;
			projectDirPath = "";
			projectRoot = "";
			targets = (
				75454C3C26AC56E3007239FC /* CampeosDasCopas */,
			);
		};
/* End PBXProject section */

/* Begin PBXResourcesBuildPhase section */
		75454C3B26AC56E3007239FC /* Resources */ = {
			isa = PBXResourcesBuildPhase;
			buildActionMask = 2147483647;
			files = (
				75454C4D26AC56E6007239FC /* LaunchScreen.storyboard in Resources */,
				75454C4A26AC56E6007239FC /* Assets.xcassets in Resources */,
				75454C5626AC5734007239FC /* winners.json in Resources */,
				75454C4826AC56E3007239FC /* Main.storyboard in Resources */,
			);
			runOnlyForDeploymentPostprocessing = 0;
		};
/* End PBXResourcesBuildPhase section */

/* Begin PBXSourcesBuildPhase section */
		75454C3926AC56E3007239FC /* Sources */ = {
			isa = PBXSourcesBuildPhase;
			buildActionMask = 2147483647;
			files = (
				75454C6426AC84BE007239FC /* GameTableViewCell.swift in Sources */,
				75454C5926AC5A37007239FC /* WinnersTableViewController.swift in Sources */,
				75454C4126AC56E3007239FC /* AppDelegate.swift in Sources */,
				75B0841726BEFE1000524F3A /* CountryDetailViewController.swift in Sources */,
				75454C5F26AC5A99007239FC /* WorldCup.swift in Sources */,
				75454C6226AC794C007239FC /* WorldCupTableViewCell.swift in Sources */,
				75454C5C26AC5A5E007239FC /* WorldCupViewController.swift in Sources */,
				75454C4326AC56E3007239FC /* SceneDelegate.swift in Sources */,
				75454C6926AC98FD007239FC /* Map.swift in Sources */,
				75B0841526BEF87000524F3A /* CountriesTableViewController.swift in Sources */,
				75454C6626AC8FFC007239FC /* MapViewController.swift in Sources */,
			);
			runOnlyForDeploymentPostprocessing = 0;
		};
/* End PBXSourcesBuildPhase section */

/* Begin PBXVariantGroup section */
		75454C4626AC56E3007239FC /* Main.storyboard */ = {
			isa = PBXVariantGroup;
			children = (
				75454C4726AC56E3007239FC /* Base */,
			);
			name = Main.storyboard;
			sourceTree = "<group>";
		};
		75454C4B26AC56E6007239FC /* LaunchScreen.storyboard */ = {
			isa = PBXVariantGroup;
			children = (
				75454C4C26AC56E6007239FC /* Base */,
			);
			name = LaunchScreen.storyboard;
			sourceTree = "<group>";
		};
/* End PBXVariantGroup section */

/* Begin XCBuildConfiguration section */
		75454C4F26AC56E6007239FC /* Debug */ = {
			isa = XCBuildConfiguration;
			buildSettings = {
				ALWAYS_SEARCH_USER_PATHS = NO;
				CLANG_ANALYZER_NONNULL = YES;
				CLANG_ANALYZER_NUMBER_OBJECT_CONVERSION = YES_AGGRESSIVE;
				CLANG_CXX_LANGUAGE_STANDARD = "gnu++14";
				CLANG_CXX_LIBRARY = "libc++";
				CLANG_ENABLE_MODULES = YES;
				CLANG_ENABLE_OBJC_ARC = YES;
				CLANG_ENABLE_OBJC_WEAK = YES;
				CLANG_WARN_BLOCK_CAPTURE_AUTORELEASING = YES;
				CLANG_WARN_BOOL_CONVERSION = YES;
				CLANG_WARN_COMMA = YES;
				CLANG_WARN_CONSTANT_CONVERSION = YES;
				CLANG_WARN_DEPRECATED_OBJC_IMPLEMENTATIONS = YES;
				CLANG_WARN_DIRECT_OBJC_ISA_USAGE = YES_ERROR;
				CLANG_WARN_DOCUMENTATION_COMMENTS = YES;
				CLANG_WARN_EMPTY_BODY = YES;
				CLANG_WARN_ENUM_CONVERSION = YES;
				CLANG_WARN_INFINITE_RECURSION = YES;
				CLANG_WARN_INT_CONVERSION = YES;
				CLANG_WARN_NON_LITERAL_NULL_CONVERSION = YES;
				CLANG_WARN_OBJC_IMPLICIT_RETAIN_SELF = YES;
				CLANG_WARN_OBJC_LITERAL_CONVERSION = YES;
				CLANG_WARN_OBJC_ROOT_CLASS = YES_ERROR;
				CLANG_WARN_QUOTED_INCLUDE_IN_FRAMEWORK_HEADER = YES;
				CLANG_WARN_RANGE_LOOP_ANALYSIS = YES;
				CLANG_WARN_STRICT_PROTOTYPES = YES;
				CLANG_WARN_SUSPICIOUS_MOVE = YES;
				CLANG_WARN_UNGUARDED_AVAILABILITY = YES_AGGRESSIVE;
				CLANG_WARN_UNREACHABLE_CODE = YES;
				CLANG_WARN__DUPLICATE_METHOD_MATCH = YES;
				COPY_PHASE_STRIP = NO;
				DEBUG_INFORMATION_FORMAT = dwarf;
				ENABLE_STRICT_OBJC_MSGSEND = YES;
				ENABLE_TESTABILITY = YES;
				GCC_C_LANGUAGE_STANDARD = gnu11;
				GCC_DYNAMIC_NO_PIC = NO;
				GCC_NO_COMMON_BLOCKS = YES;
				GCC_OPTIMIZATION_LEVEL = 0;
				GCC_PREPROCESSOR_DEFINITIONS = (
					"DEBUG=1",
					"$(inherited)",
				);
				GCC_WARN_64_TO_32_BIT_CONVERSION = YES;
				GCC_WARN_ABOUT_RETURN_TYPE = YES_ERROR;
				GCC_WARN_UNDECLARED_SELECTOR = YES;
				GCC_WARN_UNINITIALIZED_AUTOS = YES_AGGRESSIVE;
				GCC_WARN_UNUSED_FUNCTION = YES;
				GCC_WARN_UNUSED_VARIABLE = YES;
				IPHONEOS_DEPLOYMENT_TARGET = 14.5;
				MTL_ENABLE_DEBUG_INFO = INCLUDE_SOURCE;
				MTL_FAST_MATH = YES;
				ONLY_ACTIVE_ARCH = YES;
				SDKROOT = iphoneos;
				SWIFT_ACTIVE_COMPILATION_CONDITIONS = DEBUG;
				SWIFT_OPTIMIZATION_LEVEL = "-Onone";
			};
			name = Debug;
		};
		75454C5026AC56E6007239FC /* Release */ = {
			isa = XCBuildConfiguration;
			buildSettings = {
				ALWAYS_SEARCH_USER_PATHS = NO;
				CLANG_ANALYZER_NONNULL = YES;
				CLANG_ANALYZER_NUMBER_OBJECT_CONVERSION = YES_AGGRESSIVE;
				CLANG_CXX_LANGUAGE_STANDARD = "gnu++14";
				CLANG_CXX_LIBRARY = "libc++";
				CLANG_ENABLE_MODULES = YES;
				CLANG_ENABLE_OBJC_ARC = YES;
				CLANG_ENABLE_OBJC_WEAK = YES;
				CLANG_WARN_BLOCK_CAPTURE_AUTORELEASING = YES;
				CLANG_WARN_BOOL_CONVERSION = YES;
				CLANG_WARN_COMMA = YES;
				CLANG_WARN_CONSTANT_CONVERSION = YES;
				CLANG_WARN_DEPRECATED_OBJC_IMPLEMENTATIONS = YES;
				CLANG_WARN_DIRECT_OBJC_ISA_USAGE = YES_ERROR;
				CLANG_WARN_DOCUMENTATION_COMMENTS = YES;
				CLANG_WARN_EMPTY_BODY = YES;
				CLANG_WARN_ENUM_CONVERSION = YES;
				CLANG_WARN_INFINITE_RECURSION = YES;
				CLANG_WARN_INT_CONVERSION = YES;
				CLANG_WARN_NON_LITERAL_NULL_CONVERSION = YES;
				CLANG_WARN_OBJC_IMPLICIT_RETAIN_SELF = YES;
				CLANG_WARN_OBJC_LITERAL_CONVERSION = YES;
				CLANG_WARN_OBJC_ROOT_CLASS = YES_ERROR;
				CLANG_WARN_QUOTED_INCLUDE_IN_FRAMEWORK_HEADER = YES;
				CLANG_WARN_RANGE_LOOP_ANALYSIS = YES;
				CLANG_WARN_STRICT_PROTOTYPES = YES;
				CLANG_WARN_SUSPICIOUS_MOVE = YES;
				CLANG_WARN_UNGUARDED_AVAILABILITY = YES_AGGRESSIVE;
				CLANG_WARN_UNREACHABLE_CODE = YES;
				CLANG_WARN__DUPLICATE_METHOD_MATCH = YES;
				COPY_PHASE_STRIP = NO;
				DEBUG_INFORMATION_FORMAT = "dwarf-with-dsym";
				ENABLE_NS_ASSERTIONS = NO;
				ENABLE_STRICT_OBJC_MSGSEND = YES;
				GCC_C_LANGUAGE_STANDARD = gnu11;
				GCC_NO_COMMON_BLOCKS = YES;
				GCC_WARN_64_TO_32_BIT_CONVERSION = YES;
				GCC_WARN_ABOUT_RETURN_TYPE = YES_ERROR;
				GCC_WARN_UNDECLARED_SELECTOR = YES;
				GCC_WARN_UNINITIALIZED_AUTOS = YES_AGGRESSIVE;
				GCC_WARN_UNUSED_FUNCTION = YES;
				GCC_WARN_UNUSED_VARIABLE = YES;
				IPHONEOS_DEPLOYMENT_TARGET = 14.5;
				MTL_ENABLE_DEBUG_INFO = NO;
				MTL_FAST_MATH = YES;
				SDKROOT = iphoneos;
				SWIFT_COMPILATION_MODE = wholemodule;
				SWIFT_OPTIMIZATION_LEVEL = "-O";
				VALIDATE_PRODUCT = YES;
			};
			name = Release;
		};
		75454C5226AC56E6007239FC /* Debug */ = {
			isa = XCBuildConfiguration;
			buildSettings = {
				ASSETCATALOG_COMPILER_APPICON_NAME = AppIcon;
				ASSETCATALOG_COMPILER_GLOBAL_ACCENT_COLOR_NAME = AccentColor;
				CODE_SIGN_STYLE = Automatic;
				DEVELOPMENT_TEAM = E8DUL3GSQE;
				INFOPLIST_FILE = CampeosDasCopas/Info.plist;
				LD_RUNPATH_SEARCH_PATHS = (
					"$(inherited)",
					"@executable_path/Frameworks",
				);
				PRODUCT_BUNDLE_IDENTIFIER = app.juno.CampeosDasCopas;
				PRODUCT_NAME = "$(TARGET_NAME)";
				SWIFT_VERSION = 5.0;
				TARGETED_DEVICE_FAMILY = "1,2";
			};
			name = Debug;
		};
		75454C5326AC56E6007239FC /* Release */ = {
			isa = XCBuildConfiguration;
			buildSettings = {
				ASSETCATALOG_COMPILER_APPICON_NAME = AppIcon;
				ASSETCATALOG_COMPILER_GLOBAL_ACCENT_COLOR_NAME = AccentColor;
				CODE_SIGN_STYLE = Automatic;
				DEVELOPMENT_TEAM = E8DUL3GSQE;
				INFOPLIST_FILE = CampeosDasCopas/Info.plist;
				LD_RUNPATH_SEARCH_PATHS = (
					"$(inherited)",
					"@executable_path/Frameworks",
				);
				PRODUCT_BUNDLE_IDENTIFIER = app.juno.CampeosDasCopas;
				PRODUCT_NAME = "$(TARGET_NAME)";
				SWIFT_VERSION = 5.0;
				TARGETED_DEVICE_FAMILY = "1,2";
			};
			name = Release;
		};
/* End XCBuildConfiguration section */

/* Begin XCConfigurationList section */
		75454C3826AC56E3007239FC /* Build configuration list for PBXProject "CampeosDasCopas" */ = {
			isa = XCConfigurationList;
			buildConfigurations = (
				75454C4F26AC56E6007239FC /* Debug */,
				75454C5026AC56E6007239FC /* Release */,
			);
			defaultConfigurationIsVisible = 0;
			defaultConfigurationName = Release;
		};
		75454C5126AC56E6007239FC /* Build configuration list for PBXNativeTarget "CampeosDasCopas" */ = {
			isa = XCConfigurationList;
			buildConfigurations = (
				75454C5226AC56E6007239FC /* Debug */,
				75454C5326AC56E6007239FC /* Release */,
			);
			defaultConfigurationIsVisible = 0;
			defaultConfigurationName = Release;
		};
/* End XCConfigurationList section */
	};
	rootObject = 75454C3526AC56E3007239FC /* Project object */;
}
